// !$*UTF8*$!
{
	archiveVersion = 1;
	classes = {
	};
	objectVersion = 46;
	objects = {

/* Begin PBXBuildFile section */
		2A9BE75A0FCB7C3EA2CF6BC9 /* Pods_Clubs.framework in Frameworks */ = {isa = PBXBuildFile; fileRef = 2DE92C5D90B9729BFF8E4466 /* Pods_Clubs.framework */; };
		C40479631C9B93CB006393DF /* LogInViewController.swift in Sources */ = {isa = PBXBuildFile; fileRef = C40479621C9B93CB006393DF /* LogInViewController.swift */; };
		C41690E01CC189C7000A8A23 /* DetailedEventViewController.swift in Sources */ = {isa = PBXBuildFile; fileRef = C41690DF1CC189C7000A8A23 /* DetailedEventViewController.swift */; };
		C41690E31CC1A9BD000A8A23 /* User.swift in Sources */ = {isa = PBXBuildFile; fileRef = C41690E21CC1A9BD000A8A23 /* User.swift */; };
		C41690E51CC1AF71000A8A23 /* Event.swift in Sources */ = {isa = PBXBuildFile; fileRef = C41690E41CC1AF71000A8A23 /* Event.swift */; };
		C4209EBD1CC99D7A00827822 /* ClubTableViewCell.swift in Sources */ = {isa = PBXBuildFile; fileRef = C4209EBC1CC99D7A00827822 /* ClubTableViewCell.swift */; };
		C4209EBF1CC9A7EF00827822 /* ClubDetailedViewController.swift in Sources */ = {isa = PBXBuildFile; fileRef = C4209EBE1CC9A7EF00827822 /* ClubDetailedViewController.swift */; };
		C4209EC11CC9AB3700827822 /* ClubEventsCell.swift in Sources */ = {isa = PBXBuildFile; fileRef = C4209EC01CC9AB3700827822 /* ClubEventsCell.swift */; };
		C4209EC31CC9AB4F00827822 /* ClubHeaderCell.swift in Sources */ = {isa = PBXBuildFile; fileRef = C4209EC21CC9AB4F00827822 /* ClubHeaderCell.swift */; };
		C4209EC51CCAADA000827822 /* launchScreen.jpg in Resources */ = {isa = PBXBuildFile; fileRef = C4209EC41CCAADA000827822 /* launchScreen.jpg */; };
		C42226D71C9E4CB800E7C13A /* EventsViewController.swift in Sources */ = {isa = PBXBuildFile; fileRef = C42226D61C9E4CB800E7C13A /* EventsViewController.swift */; };
		C42226D91C9E4CDD00E7C13A /* MyClubsViewController.swift in Sources */ = {isa = PBXBuildFile; fileRef = C42226D81C9E4CDD00E7C13A /* MyClubsViewController.swift */; };
		C42226DB1C9E5B9600E7C13A /* EventTableViewCell.swift in Sources */ = {isa = PBXBuildFile; fileRef = C42226DA1C9E5B9500E7C13A /* EventTableViewCell.swift */; };
		C4317C521CBDC4F5003C8DDD /* ProfileViewController.swift in Sources */ = {isa = PBXBuildFile; fileRef = C4317C511CBDC4F5003C8DDD /* ProfileViewController.swift */; };
		C48EA5B51CBB65E4000EB8B3 /* SignUpViewController.swift in Sources */ = {isa = PBXBuildFile; fileRef = C48EA5B41CBB65E4000EB8B3 /* SignUpViewController.swift */; };
		C4CF65661C8A3865003DAF38 /* AppDelegate.swift in Sources */ = {isa = PBXBuildFile; fileRef = C4CF65651C8A3865003DAF38 /* AppDelegate.swift */; };
		C4CF65681C8A3865003DAF38 /* ViewController.swift in Sources */ = {isa = PBXBuildFile; fileRef = C4CF65671C8A3865003DAF38 /* ViewController.swift */; };
		C4CF656B1C8A3865003DAF38 /* Main.storyboard in Resources */ = {isa = PBXBuildFile; fileRef = C4CF65691C8A3865003DAF38 /* Main.storyboard */; };
		C4CF656D1C8A3865003DAF38 /* Assets.xcassets in Resources */ = {isa = PBXBuildFile; fileRef = C4CF656C1C8A3865003DAF38 /* Assets.xcassets */; };
		C4CF65701C8A3865003DAF38 /* LaunchScreen.storyboard in Resources */ = {isa = PBXBuildFile; fileRef = C4CF656E1C8A3865003DAF38 /* LaunchScreen.storyboard */; };
		C4D599F91CC0676F00D4A565 /* ProfileHeaderCell.swift in Sources */ = {isa = PBXBuildFile; fileRef = C4D599F81CC0676F00D4A565 /* ProfileHeaderCell.swift */; };
		C4D599FB1CC0679100D4A565 /* ProfileCell.swift in Sources */ = {isa = PBXBuildFile; fileRef = C4D599FA1CC0679100D4A565 /* ProfileCell.swift */; };
		C4E2B5BA1C9B4118004B996B /* club.png in Resources */ = {isa = PBXBuildFile; fileRef = C4E2B5B91C9B4118004B996B /* club.png */; };
/* End PBXBuildFile section */

/* Begin PBXFileReference section */
		2DE92C5D90B9729BFF8E4466 /* Pods_Clubs.framework */ = {isa = PBXFileReference; explicitFileType = wrapper.framework; includeInIndex = 0; path = Pods_Clubs.framework; sourceTree = BUILT_PRODUCTS_DIR; };
		C2B9B69B1D02B17192ABF8F8 /* Pods-Clubs.release.xcconfig */ = {isa = PBXFileReference; includeInIndex = 1; lastKnownFileType = text.xcconfig; name = "Pods-Clubs.release.xcconfig"; path = "Pods/Target Support Files/Pods-Clubs/Pods-Clubs.release.xcconfig"; sourceTree = "<group>"; };
		C40479621C9B93CB006393DF /* LogInViewController.swift */ = {isa = PBXFileReference; fileEncoding = 4; lastKnownFileType = sourcecode.swift; path = LogInViewController.swift; sourceTree = "<group>"; };
		C41690DF1CC189C7000A8A23 /* DetailedEventViewController.swift */ = {isa = PBXFileReference; fileEncoding = 4; lastKnownFileType = sourcecode.swift; path = DetailedEventViewController.swift; sourceTree = "<group>"; };
		C41690E21CC1A9BD000A8A23 /* User.swift */ = {isa = PBXFileReference; fileEncoding = 4; lastKnownFileType = sourcecode.swift; path = User.swift; sourceTree = "<group>"; };
		C41690E41CC1AF71000A8A23 /* Event.swift */ = {isa = PBXFileReference; fileEncoding = 4; lastKnownFileType = sourcecode.swift; path = Event.swift; sourceTree = "<group>"; };
		C4209EBC1CC99D7A00827822 /* ClubTableViewCell.swift */ = {isa = PBXFileReference; fileEncoding = 4; lastKnownFileType = sourcecode.swift; path = ClubTableViewCell.swift; sourceTree = "<group>"; };
		C4209EBE1CC9A7EF00827822 /* ClubDetailedViewController.swift */ = {isa = PBXFileReference; fileEncoding = 4; lastKnownFileType = sourcecode.swift; path = ClubDetailedViewController.swift; sourceTree = "<group>"; };
		C4209EC01CC9AB3700827822 /* ClubEventsCell.swift */ = {isa = PBXFileReference; fileEncoding = 4; lastKnownFileType = sourcecode.swift; path = ClubEventsCell.swift; sourceTree = "<group>"; };
		C4209EC21CC9AB4F00827822 /* ClubHeaderCell.swift */ = {isa = PBXFileReference; fileEncoding = 4; lastKnownFileType = sourcecode.swift; path = ClubHeaderCell.swift; sourceTree = "<group>"; };
		C4209EC41CCAADA000827822 /* launchScreen.jpg */ = {isa = PBXFileReference; lastKnownFileType = image.jpeg; name = launchScreen.jpg; path = Assets.xcassets/launchScreen.jpg; sourceTree = "<group>"; };
		C42226D61C9E4CB800E7C13A /* EventsViewController.swift */ = {isa = PBXFileReference; fileEncoding = 4; lastKnownFileType = sourcecode.swift; path = EventsViewController.swift; sourceTree = "<group>"; };
		C42226D81C9E4CDD00E7C13A /* MyClubsViewController.swift */ = {isa = PBXFileReference; fileEncoding = 4; lastKnownFileType = sourcecode.swift; path = MyClubsViewController.swift; sourceTree = "<group>"; };
		C42226DA1C9E5B9500E7C13A /* EventTableViewCell.swift */ = {isa = PBXFileReference; fileEncoding = 4; lastKnownFileType = sourcecode.swift; path = EventTableViewCell.swift; sourceTree = "<group>"; };
		C4317C511CBDC4F5003C8DDD /* ProfileViewController.swift */ = {isa = PBXFileReference; fileEncoding = 4; lastKnownFileType = sourcecode.swift; path = ProfileViewController.swift; sourceTree = "<group>"; };
		C48EA5B41CBB65E4000EB8B3 /* SignUpViewController.swift */ = {isa = PBXFileReference; fileEncoding = 4; lastKnownFileType = sourcecode.swift; path = SignUpViewController.swift; sourceTree = "<group>"; };
		C4CF65621C8A3865003DAF38 /* Clubs.app */ = {isa = PBXFileReference; explicitFileType = wrapper.application; includeInIndex = 0; path = Clubs.app; sourceTree = BUILT_PRODUCTS_DIR; };
		C4CF65651C8A3865003DAF38 /* AppDelegate.swift */ = {isa = PBXFileReference; lastKnownFileType = sourcecode.swift; path = AppDelegate.swift; sourceTree = "<group>"; };
		C4CF65671C8A3865003DAF38 /* ViewController.swift */ = {isa = PBXFileReference; lastKnownFileType = sourcecode.swift; path = ViewController.swift; sourceTree = "<group>"; };
		C4CF656A1C8A3865003DAF38 /* Base */ = {isa = PBXFileReference; lastKnownFileType = file.storyboard; name = Base; path = Base.lproj/Main.storyboard; sourceTree = "<group>"; };
		C4CF656C1C8A3865003DAF38 /* Assets.xcassets */ = {isa = PBXFileReference; lastKnownFileType = folder.assetcatalog; path = Assets.xcassets; sourceTree = "<group>"; };
		C4CF656F1C8A3865003DAF38 /* Base */ = {isa = PBXFileReference; lastKnownFileType = file.storyboard; name = Base; path = Base.lproj/LaunchScreen.storyboard; sourceTree = "<group>"; };
		C4CF65711C8A3865003DAF38 /* Info.plist */ = {isa = PBXFileReference; lastKnownFileType = text.plist.xml; path = Info.plist; sourceTree = "<group>"; };
		C4D599F81CC0676F00D4A565 /* ProfileHeaderCell.swift */ = {isa = PBXFileReference; fileEncoding = 4; lastKnownFileType = sourcecode.swift; path = ProfileHeaderCell.swift; sourceTree = "<group>"; };
		C4D599FA1CC0679100D4A565 /* ProfileCell.swift */ = {isa = PBXFileReference; fileEncoding = 4; lastKnownFileType = sourcecode.swift; path = ProfileCell.swift; sourceTree = "<group>"; };
		C4E2B5B91C9B4118004B996B /* club.png */ = {isa = PBXFileReference; lastKnownFileType = image.png; name = club.png; path = Assets.xcassets/club.png; sourceTree = "<group>"; };
		E08769BB27ACDCB609BD7905 /* Pods-Clubs.debug.xcconfig */ = {isa = PBXFileReference; includeInIndex = 1; lastKnownFileType = text.xcconfig; name = "Pods-Clubs.debug.xcconfig"; path = "Pods/Target Support Files/Pods-Clubs/Pods-Clubs.debug.xcconfig"; sourceTree = "<group>"; };
/* End PBXFileReference section */

/* Begin PBXFrameworksBuildPhase section */
		C4CF655F1C8A3865003DAF38 /* Frameworks */ = {
			isa = PBXFrameworksBuildPhase;
			buildActionMask = 2147483647;
			files = (
				2A9BE75A0FCB7C3EA2CF6BC9 /* Pods_Clubs.framework in Frameworks */,
			);
			runOnlyForDeploymentPostprocessing = 0;
		};
/* End PBXFrameworksBuildPhase section */

/* Begin PBXGroup section */
		4944632FD5FA127341E224B7 /* Frameworks */ = {
			isa = PBXGroup;
			children = (
				2DE92C5D90B9729BFF8E4466 /* Pods_Clubs.framework */,
			);
			name = Frameworks;
			sourceTree = "<group>";
		};
		AF3ADA903769FD6C89D3297F /* Pods */ = {
			isa = PBXGroup;
			children = (
				E08769BB27ACDCB609BD7905 /* Pods-Clubs.debug.xcconfig */,
				C2B9B69B1D02B17192ABF8F8 /* Pods-Clubs.release.xcconfig */,
			);
			name = Pods;
			sourceTree = "<group>";
		};
		C41690E11CC1A928000A8A23 /* Models */ = {
			isa = PBXGroup;
			children = (
				C41690E21CC1A9BD000A8A23 /* User.swift */,
				C41690E41CC1AF71000A8A23 /* Event.swift */,
			);
			name = Models;
			sourceTree = "<group>";
		};
		C42226D51C9E4C8900E7C13A /* view Controllers */ = {
			isa = PBXGroup;
			children = (
				C4CF65671C8A3865003DAF38 /* ViewController.swift */,
				C40479621C9B93CB006393DF /* LogInViewController.swift */,
				C42226D61C9E4CB800E7C13A /* EventsViewController.swift */,
				C42226D81C9E4CDD00E7C13A /* MyClubsViewController.swift */,
				C48EA5B41CBB65E4000EB8B3 /* SignUpViewController.swift */,
				C4317C511CBDC4F5003C8DDD /* ProfileViewController.swift */,
				C41690DF1CC189C7000A8A23 /* DetailedEventViewController.swift */,
				C4209EBE1CC9A7EF00827822 /* ClubDetailedViewController.swift */,
			);
			name = "view Controllers";
			sourceTree = "<group>";
		};
		C4317C531CBDC534003C8DDD /* Cells */ = {
			isa = PBXGroup;
			children = (
				C42226DA1C9E5B9500E7C13A /* EventTableViewCell.swift */,
				C4209EBC1CC99D7A00827822 /* ClubTableViewCell.swift */,
				C4D599F81CC0676F00D4A565 /* ProfileHeaderCell.swift */,
				C4209EC01CC9AB3700827822 /* ClubEventsCell.swift */,
				C4D599FA1CC0679100D4A565 /* ProfileCell.swift */,
				C4209EC21CC9AB4F00827822 /* ClubHeaderCell.swift */,
			);
			name = Cells;
			sourceTree = "<group>";
		};
		C4CF65591C8A3864003DAF38 = {
			isa = PBXGroup;
			children = (
				C4CF65641C8A3865003DAF38 /* Clubs */,
				C4CF65631C8A3865003DAF38 /* Products */,
				AF3ADA903769FD6C89D3297F /* Pods */,
				4944632FD5FA127341E224B7 /* Frameworks */,
			);
			sourceTree = "<group>";
		};
		C4CF65631C8A3865003DAF38 /* Products */ = {
			isa = PBXGroup;
			children = (
				C4CF65621C8A3865003DAF38 /* Clubs.app */,
			);
			name = Products;
			sourceTree = "<group>";
		};
		C4CF65641C8A3865003DAF38 /* Clubs */ = {
			isa = PBXGroup;
			children = (
				C41690E11CC1A928000A8A23 /* Models */,
				C4CF65651C8A3865003DAF38 /* AppDelegate.swift */,
				C4317C531CBDC534003C8DDD /* Cells */,
				C42226D51C9E4C8900E7C13A /* view Controllers */,
				C4CF65691C8A3865003DAF38 /* Main.storyboard */,
				C4CF656C1C8A3865003DAF38 /* Assets.xcassets */,
				C4209EC41CCAADA000827822 /* launchScreen.jpg */,
				C4E2B5B91C9B4118004B996B /* club.png */,
				C4CF656E1C8A3865003DAF38 /* LaunchScreen.storyboard */,
				C4CF65711C8A3865003DAF38 /* Info.plist */,
			);
			path = Clubs;
			sourceTree = "<group>";
		};
/* End PBXGroup section */

/* Begin PBXNativeTarget section */
		C4CF65611C8A3865003DAF38 /* Clubs */ = {
			isa = PBXNativeTarget;
			buildConfigurationList = C4CF65741C8A3865003DAF38 /* Build configuration list for PBXNativeTarget "Clubs" */;
			buildPhases = (
				1A0859AA3A492D7169B0CEC6 /* Check Pods Manifest.lock */,
				C4CF655E1C8A3865003DAF38 /* Sources */,
				C4CF655F1C8A3865003DAF38 /* Frameworks */,
				C4CF65601C8A3865003DAF38 /* Resources */,
				810C98BED223D3BC9B902408 /* Embed Pods Frameworks */,
				04F7DF519DE77EAEB2EA7B67 /* Copy Pods Resources */,
			);
			buildRules = (
			);
			dependencies = (
			);
			name = Clubs;
			productName = Clubs;
			productReference = C4CF65621C8A3865003DAF38 /* Clubs.app */;
			productType = "com.apple.product-type.application";
		};
/* End PBXNativeTarget section */

/* Begin PBXProject section */
		C4CF655A1C8A3865003DAF38 /* Project object */ = {
			isa = PBXProject;
			attributes = {
				LastSwiftUpdateCheck = 0720;
				LastUpgradeCheck = 0720;
				TargetAttributes = {
					C4CF65611C8A3865003DAF38 = {
						CreatedOnToolsVersion = 7.2.1;
						DevelopmentTeam = 5H7U5U6LQ4;
					};
				};
			};
			buildConfigurationList = C4CF655D1C8A3865003DAF38 /* Build configuration list for PBXProject "Clubs" */;
			compatibilityVersion = "Xcode 3.2";
			developmentRegion = English;
			hasScannedForEncodings = 0;
			knownRegions = (
				en,
				Base,
			);
			mainGroup = C4CF65591C8A3864003DAF38;
			productRefGroup = C4CF65631C8A3865003DAF38 /* Products */;
			projectDirPath = "";
			projectRoot = "";
			targets = (
				C4CF65611C8A3865003DAF38 /* Clubs */,
			);
		};
/* End PBXProject section */

/* Begin PBXResourcesBuildPhase section */
		C4CF65601C8A3865003DAF38 /* Resources */ = {
			isa = PBXResourcesBuildPhase;
			buildActionMask = 2147483647;
			files = (
				C4CF65701C8A3865003DAF38 /* LaunchScreen.storyboard in Resources */,
				C4E2B5BA1C9B4118004B996B /* club.png in Resources */,
				C4209EC51CCAADA000827822 /* launchScreen.jpg in Resources */,
				C4CF656D1C8A3865003DAF38 /* Assets.xcassets in Resources */,
				C4CF656B1C8A3865003DAF38 /* Main.storyboard in Resources */,
			);
			runOnlyForDeploymentPostprocessing = 0;
		};
/* End PBXResourcesBuildPhase section */

/* Begin PBXShellScriptBuildPhase section */
		04F7DF519DE77EAEB2EA7B67 /* Copy Pods Resources */ = {
			isa = PBXShellScriptBuildPhase;
			buildActionMask = 2147483647;
			files = (
			);
			inputPaths = (
			);
			name = "Copy Pods Resources";
			outputPaths = (
			);
			runOnlyForDeploymentPostprocessing = 0;
			shellPath = /bin/sh;
			shellScript = "\"${SRCROOT}/Pods/Target Support Files/Pods-Clubs/Pods-Clubs-resources.sh\"\n";
			showEnvVarsInLog = 0;
		};
		1A0859AA3A492D7169B0CEC6 /* Check Pods Manifest.lock */ = {
			isa = PBXShellScriptBuildPhase;
			buildActionMask = 2147483647;
			files = (
			);
			inputPaths = (
			);
			name = "Check Pods Manifest.lock";
			outputPaths = (
			);
			runOnlyForDeploymentPostprocessing = 0;
			shellPath = /bin/sh;
			shellScript = "diff \"${PODS_ROOT}/../Podfile.lock\" \"${PODS_ROOT}/Manifest.lock\" > /dev/null\nif [[ $? != 0 ]] ; then\n    cat << EOM\nerror: The sandbox is not in sync with the Podfile.lock. Run 'pod install' or update your CocoaPods installation.\nEOM\n    exit 1\nfi\n";
			showEnvVarsInLog = 0;
		};
		810C98BED223D3BC9B902408 /* Embed Pods Frameworks */ = {
			isa = PBXShellScriptBuildPhase;
			buildActionMask = 2147483647;
			files = (
			);
			inputPaths = (
			);
			name = "Embed Pods Frameworks";
			outputPaths = (
			);
			runOnlyForDeploymentPostprocessing = 0;
			shellPath = /bin/sh;
			shellScript = "\"${SRCROOT}/Pods/Target Support Files/Pods-Clubs/Pods-Clubs-frameworks.sh\"\n";
			showEnvVarsInLog = 0;
		};
/* End PBXShellScriptBuildPhase section */

/* Begin PBXSourcesBuildPhase section */
		C4CF655E1C8A3865003DAF38 /* Sources */ = {
			isa = PBXSourcesBuildPhase;
			buildActionMask = 2147483647;
			files = (
				C4209EBF1CC9A7EF00827822 /* ClubDetailedViewController.swift in Sources */,
				C42226DB1C9E5B9600E7C13A /* EventTableViewCell.swift in Sources */,
				C4209EBD1CC99D7A00827822 /* ClubTableViewCell.swift in Sources */,
				C48EA5B51CBB65E4000EB8B3 /* SignUpViewController.swift in Sources */,
				C4CF65681C8A3865003DAF38 /* ViewController.swift in Sources */,
				C42226D71C9E4CB800E7C13A /* EventsViewController.swift in Sources */,
				C4CF65661C8A3865003DAF38 /* AppDelegate.swift in Sources */,
				C40479631C9B93CB006393DF /* LogInViewController.swift in Sources */,
				C4D599F91CC0676F00D4A565 /* ProfileHeaderCell.swift in Sources */,
				C41690E01CC189C7000A8A23 /* DetailedEventViewController.swift in Sources */,
				C4209EC11CC9AB3700827822 /* ClubEventsCell.swift in Sources */,
				C4209EC31CC9AB4F00827822 /* ClubHeaderCell.swift in Sources */,
				C41690E31CC1A9BD000A8A23 /* User.swift in Sources */,
				C4317C521CBDC4F5003C8DDD /* ProfileViewController.swift in Sources */,
				C42226D91C9E4CDD00E7C13A /* MyClubsViewController.swift in Sources */,
				C4D599FB1CC0679100D4A565 /* ProfileCell.swift in Sources */,
				C41690E51CC1AF71000A8A23 /* Event.swift in Sources */,
			);
			runOnlyForDeploymentPostprocessing = 0;
		};
/* End PBXSourcesBuildPhase section */

/* Begin PBXVariantGroup section */
		C4CF65691C8A3865003DAF38 /* Main.storyboard */ = {
			isa = PBXVariantGroup;
			children = (
				C4CF656A1C8A3865003DAF38 /* Base */,
			);
			name = Main.storyboard;
			sourceTree = "<group>";
		};
		C4CF656E1C8A3865003DAF38 /* LaunchScreen.storyboard */ = {
			isa = PBXVariantGroup;
			children = (
				C4CF656F1C8A3865003DAF38 /* Base */,
			);
			name = LaunchScreen.storyboard;
			sourceTree = "<group>";
		};
/* End PBXVariantGroup section */

/* Begin XCBuildConfiguration section */
		C4CF65721C8A3865003DAF38 /* Debug */ = {
			isa = XCBuildConfiguration;
			buildSettings = {
				ALWAYS_SEARCH_USER_PATHS = NO;
				CLANG_CXX_LANGUAGE_STANDARD = "gnu++0x";
				CLANG_CXX_LIBRARY = "libc++";
				CLANG_ENABLE_MODULES = YES;
				CLANG_ENABLE_OBJC_ARC = YES;
				CLANG_WARN_BOOL_CONVERSION = YES;
				CLANG_WARN_CONSTANT_CONVERSION = YES;
				CLANG_WARN_DIRECT_OBJC_ISA_USAGE = YES_ERROR;
				CLANG_WARN_EMPTY_BODY = YES;
				CLANG_WARN_ENUM_CONVERSION = YES;
				CLANG_WARN_INT_CONVERSION = YES;
				CLANG_WARN_OBJC_ROOT_CLASS = YES_ERROR;
				CLANG_WARN_UNREACHABLE_CODE = YES;
				CLANG_WARN__DUPLICATE_METHOD_MATCH = YES;
				"CODE_SIGN_IDENTITY[sdk=iphoneos*]" = "iPhone Developer";
				COPY_PHASE_STRIP = NO;
				DEBUG_INFORMATION_FORMAT = dwarf;
				ENABLE_STRICT_OBJC_MSGSEND = YES;
				ENABLE_TESTABILITY = YES;
				GCC_C_LANGUAGE_STANDARD = gnu99;
				GCC_DYNAMIC_NO_PIC = NO;
				GCC_NO_COMMON_BLOCKS = YES;
				GCC_OPTIMIZATION_LEVEL = 0;
				GCC_PREPROCESSOR_DEFINITIONS = (
					"DEBUG=1",
					"$(inherited)",
				);
				GCC_WARN_64_TO_32_BIT_CONVERSION = YES;
				GCC_WARN_ABOUT_RETURN_TYPE = YES_ERROR;
				GCC_WARN_UNDECLARED_SELECTOR = YES;
				GCC_WARN_UNINITIALIZED_AUTOS = YES_AGGRESSIVE;
				GCC_WARN_UNUSED_FUNCTION = YES;
				GCC_WARN_UNUSED_VARIABLE = YES;
				IPHONEOS_DEPLOYMENT_TARGET = 9.2;
				MTL_ENABLE_DEBUG_INFO = YES;
				ONLY_ACTIVE_ARCH = YES;
				SDKROOT = iphoneos;
				SWIFT_OPTIMIZATION_LEVEL = "-Onone";
			};
			name = Debug;
		};
		C4CF65731C8A3865003DAF38 /* Release */ = {
			isa = XCBuildConfiguration;
			buildSettings = {
				ALWAYS_SEARCH_USER_PATHS = NO;
				CLANG_CXX_LANGUAGE_STANDARD = "gnu++0x";
				CLANG_CXX_LIBRARY = "libc++";
				CLANG_ENABLE_MODULES = YES;
				CLANG_ENABLE_OBJC_ARC = YES;
				CLANG_WARN_BOOL_CONVERSION = YES;
				CLANG_WARN_CONSTANT_CONVERSION = YES;
				CLANG_WARN_DIRECT_OBJC_ISA_USAGE = YES_ERROR;
				CLANG_WARN_EMPTY_BODY = YES;
				CLANG_WARN_ENUM_CONVERSION = YES;
				CLANG_WARN_INT_CONVERSION = YES;
				CLANG_WARN_OBJC_ROOT_CLASS = YES_ERROR;
				CLANG_WARN_UNREACHABLE_CODE = YES;
				CLANG_WARN__DUPLICATE_METHOD_MATCH = YES;
				"CODE_SIGN_IDENTITY[sdk=iphoneos*]" = "iPhone Developer";
				COPY_PHASE_STRIP = NO;
				DEBUG_INFORMATION_FORMAT = "dwarf-with-dsym";
				ENABLE_NS_ASSERTIONS = NO;
				ENABLE_STRICT_OBJC_MSGSEND = YES;
				GCC_C_LANGUAGE_STANDARD = gnu99;
				GCC_NO_COMMON_BLOCKS = YES;
				GCC_WARN_64_TO_32_BIT_CONVERSION = YES;
				GCC_WARN_ABOUT_RETURN_TYPE = YES_ERROR;
				GCC_WARN_UNDECLARED_SELECTOR = YES;
				GCC_WARN_UNINITIALIZED_AUTOS = YES_AGGRESSIVE;
				GCC_WARN_UNUSED_FUNCTION = YES;
				GCC_WARN_UNUSED_VARIABLE = YES;
				IPHONEOS_DEPLOYMENT_TARGET = 9.2;
				MTL_ENABLE_DEBUG_INFO = NO;
				SDKROOT = iphoneos;
				VALIDATE_PRODUCT = YES;
			};
			name = Release;
		};
		C4CF65751C8A3865003DAF38 /* Debug */ = {
			isa = XCBuildConfiguration;
			baseConfigurationReference = E08769BB27ACDCB609BD7905 /* Pods-Clubs.debug.xcconfig */;
			buildSettings = {
				ASSETCATALOG_COMPILER_APPICON_NAME = "AppIcon-4";
				INFOPLIST_FILE = Clubs/Info.plist;
				LD_RUNPATH_SEARCH_PATHS = "$(inherited) @executable_path/Frameworks";
				PRODUCT_BUNDLE_IDENTIFIER = HR.Clubs;
				PRODUCT_NAME = "$(TARGET_NAME)";
			};
			name = Debug;
		};
		C4CF65761C8A3865003DAF38 /* Release */ = {
			isa = XCBuildConfiguration;
			baseConfigurationReference = C2B9B69B1D02B17192ABF8F8 /* Pods-Clubs.release.xcconfig */;
			buildSettings = {
				ASSETCATALOG_COMPILER_APPICON_NAME = "AppIcon-4";
				INFOPLIST_FILE = Clubs/Info.plist;
				LD_RUNPATH_SEARCH_PATHS = "$(inherited) @executable_path/Frameworks";
				PRODUCT_BUNDLE_IDENTIFIER = HR.Clubs;
				PRODUCT_NAME = "$(TARGET_NAME)";
			};
			name = Release;
		};
/* End XCBuildConfiguration section */

/* Begin XCConfigurationList section */
		C4CF655D1C8A3865003DAF38 /* Build configuration list for PBXProject "Clubs" */ = {
			isa = XCConfigurationList;
			buildConfigurations = (
				C4CF65721C8A3865003DAF38 /* Debug */,
				C4CF65731C8A3865003DAF38 /* Release */,
			);
			defaultConfigurationIsVisible = 0;
			defaultConfigurationName = Release;
		};
		C4CF65741C8A3865003DAF38 /* Build configuration list for PBXNativeTarget "Clubs" */ = {
			isa = XCConfigurationList;
			buildConfigurations = (
				C4CF65751C8A3865003DAF38 /* Debug */,
				C4CF65761C8A3865003DAF38 /* Release */,
			);
			defaultConfigurationIsVisible = 0;
			defaultConfigurationName = Release;
		};
/* End XCConfigurationList section */
	};
	rootObject = C4CF655A1C8A3865003DAF38 /* Project object */;
}
